Microsoft Visual Studio Solution File, Format Version 12.00
# Visual Studio Version 17
VisualStudioVersion = 17.5.2.0
MinimumVisualStudioVersion = 10.0.40219.1
Project("{FAE04EC0-301F-11D3-BF4B-00C04F79EFBC}") = "AC3", "AC3.csproj", "{97BFBC67-06FF-0D6B-BA09-7B76A7A5646B}"
EndProject
Global
	GlobalSection(SolutionConfigurationPlatforms) = preSolution
		Debug|Any CPU = Debug|Any CPU
		Release|Any CPU = Release|Any CPU
	EndGlobalSection
	GlobalSection(ProjectConfigurationPlatforms) = postSolution
		{97BFBC67-06FF-0D6B-BA09-7B76A7A5646B}.Debug|Any CPU.ActiveCfg = Debug|Any CPU
		{97BFBC67-06FF-0D6B-BA09-7B76A7A5646B}.Debug|Any CPU.Build.0 = Debug|Any CPU
		{97BFBC67-06FF-0D6B-BA09-7B76A7A5646B}.Release|Any CPU.ActiveCfg = Release|Any CPU
		{97BFBC67-06FF-0D6B-BA09-7B76A7A5646B}.Release|Any CPU.Build.0 = Release|Any CPU
	EndGlobalSection
	GlobalSection(SolutionProperties) = preSolution
		HideSolutionNode = FALSE
	EndGlobalSection
	GlobalSection(ExtensibilityGlobals) = postSolution
		SolutionGuid = {6B5C7700-1DF9-42EE-8EE7-825DEEAA2F31}
	EndGlobalSection
EndGlobal
