Microsoft Visual Studio Solution File, Format Version 12.00
# Visual Studio Version 17
VisualStudioVersion = 17.5.2.0
MinimumVisualStudioVersion = 10.0.40219.1
Project("{FAE04EC0-301F-11D3-BF4B-00C04F79EFBC}") = "LinkQ", "LinkQ.csproj", "{F52C8296-F3D9-2586-3010-55F55B5FC80E}"
EndProject
Global
	GlobalSection(SolutionConfigurationPlatforms) = preSolution
		Debug|Any CPU = Debug|Any CPU
		Release|Any CPU = Release|Any CPU
	EndGlobalSection
	GlobalSection(ProjectConfigurationPlatforms) = postSolution
		{F52C8296-F3D9-2586-3010-55F55B5FC80E}.Debug|Any CPU.ActiveCfg = Debug|Any CPU
		{F52C8296-F3D9-2586-3010-55F55B5FC80E}.Debug|Any CPU.Build.0 = Debug|Any CPU
		{F52C8296-F3D9-2586-3010-55F55B5FC80E}.Release|Any CPU.ActiveCfg = Release|Any CPU
		{F52C8296-F3D9-2586-3010-55F55B5FC80E}.Release|Any CPU.Build.0 = Release|Any CPU
	EndGlobalSection
	GlobalSection(SolutionProperties) = preSolution
		HideSolutionNode = FALSE
	EndGlobalSection
	GlobalSection(ExtensibilityGlobals) = postSolution
		SolutionGuid = {41DE7F11-5785-4B6E-91D3-6A3F758ADB27}
	EndGlobalSection
EndGlobal
