Microsoft Visual Studio Solution File, Format Version 12.00
# Visual Studio Version 17
VisualStudioVersion = 17.5.2.0
MinimumVisualStudioVersion = 10.0.40219.1
Project("{FAE04EC0-301F-11D3-BF4B-00C04F79EFBC}") = "AC4", "AC4.csproj", "{FE4DCFFD-4D61-B2A6-67A1-D10C59166A50}"
EndProject
Global
	GlobalSection(SolutionConfigurationPlatforms) = preSolution
		Debug|Any CPU = Debug|Any CPU
		Release|Any CPU = Release|Any CPU
	EndGlobalSection
	GlobalSection(ProjectConfigurationPlatforms) = postSolution
		{FE4DCFFD-4D61-B2A6-67A1-D10C59166A50}.Debug|Any CPU.ActiveCfg = Debug|Any CPU
		{FE4DCFFD-4D61-B2A6-67A1-D10C59166A50}.Debug|Any CPU.Build.0 = Debug|Any CPU
		{FE4DCFFD-4D61-B2A6-67A1-D10C59166A50}.Release|Any CPU.ActiveCfg = Release|Any CPU
		{FE4DCFFD-4D61-B2A6-67A1-D10C59166A50}.Release|Any CPU.Build.0 = Release|Any CPU
	EndGlobalSection
	GlobalSection(SolutionProperties) = preSolution
		HideSolutionNode = FALSE
	EndGlobalSection
	GlobalSection(ExtensibilityGlobals) = postSolution
		SolutionGuid = {65722708-9C01-41A8-97EB-F510E2B77B2D}
	EndGlobalSection
EndGlobal
