
Microsoft Visual Studio Solution File, Format Version 12.00
# Visual Studio Version 17
VisualStudioVersion = 17.5.002.0
MinimumVisualStudioVersion = 10.0.40219.1
Project("{9A19103F-16F7-4668-BE54-9A1E7A4F7556}") = "AC1", "AC1.csproj", "{7349BAB2-61F1-4FB9-9B59-9D67F06BE01B}"
EndProject
Global
	GlobalSection(SolutionConfigurationPlatforms) = preSolution
		Debug|Any CPU = Debug|Any CPU
		Release|Any CPU = Release|Any CPU
	EndGlobalSection
	GlobalSection(ProjectConfigurationPlatforms) = postSolution
		{7349BAB2-61F1-4FB9-9B59-9D67F06BE01B}.Debug|Any CPU.ActiveCfg = Debug|Any CPU
		{7349BAB2-61F1-4FB9-9B59-9D67F06BE01B}.Debug|Any CPU.Build.0 = Debug|Any CPU
		{7349BAB2-61F1-4FB9-9B59-9D67F06BE01B}.Release|Any CPU.ActiveCfg = Release|Any CPU
		{7349BAB2-61F1-4FB9-9B59-9D67F06BE01B}.Release|Any CPU.Build.0 = Release|Any CPU
	EndGlobalSection
	GlobalSection(SolutionProperties) = preSolution
		HideSolutionNode = FALSE
	EndGlobalSection
	GlobalSection(ExtensibilityGlobals) = postSolution
		SolutionGuid = {E0118CAD-16A0-4250-8041-9CC33C8D8A08}
	EndGlobalSection
EndGlobal
